
Microsoft Visual Studio Solution File, Format Version 12.00
# Visual Studio Version 16
VisualStudioVersion = 16.0.32228.343
MinimumVisualStudioVersion = 10.0.40219.1
Project("{8BC9CEB8-8B4A-11D0-8D11-00A0C91BC942}") = "optimize SM4", "optimize SM4\optimize SM4.vcxproj", "{674CEA57-E2BF-4837-BA77-9898978A6362}"
EndProject
Global
	GlobalSection(SolutionConfigurationPlatforms) = preSolution
		Debug|x64 = Debug|x64
		Debug|x86 = Debug|x86
		Release|x64 = Release|x64
		Release|x86 = Release|x86
	EndGlobalSection
	GlobalSection(ProjectConfigurationPlatforms) = postSolution
		{674CEA57-E2BF-4837-BA77-9898978A6362}.Debug|x64.ActiveCfg = Debug|x64
		{674CEA57-E2BF-4837-BA77-9898978A6362}.Debug|x64.Build.0 = Debug|x64
		{674CEA57-E2BF-4837-BA77-9898978A6362}.Debug|x86.ActiveCfg = Debug|Win32
		{674CEA57-E2BF-4837-BA77-9898978A6362}.Debug|x86.Build.0 = Debug|Win32
		{674CEA57-E2BF-4837-BA77-9898978A6362}.Release|x64.ActiveCfg = Release|x64
		{674CEA57-E2BF-4837-BA77-9898978A6362}.Release|x64.Build.0 = Release|x64
		{674CEA57-E2BF-4837-BA77-9898978A6362}.Release|x86.ActiveCfg = Release|Win32
		{674CEA57-E2BF-4837-BA77-9898978A6362}.Release|x86.Build.0 = Release|Win32
	EndGlobalSection
	GlobalSection(SolutionProperties) = preSolution
		HideSolutionNode = FALSE
	EndGlobalSection
	GlobalSection(ExtensibilityGlobals) = postSolution
		SolutionGuid = {266A600D-A62F-4772-92C2-EDBEAD1BA382}
	EndGlobalSection
EndGlobal
