
Microsoft Visual Studio Solution File, Format Version 12.00
# Visual Studio Version 16
VisualStudioVersion = 16.0.32228.343
MinimumVisualStudioVersion = 10.0.40219.1
Project("{8BC9CEB8-8B4A-11D0-8D11-00A0C91BC942}") = "Merkle Tree", "Merkle Tree\Merkle Tree.vcxproj", "{7489145D-EC72-4D34-8B2F-6DEFBC5DEF38}"
EndProject
Global
	GlobalSection(SolutionConfigurationPlatforms) = preSolution
		Debug|x64 = Debug|x64
		Debug|x86 = Debug|x86
		Release|x64 = Release|x64
		Release|x86 = Release|x86
	EndGlobalSection
	GlobalSection(ProjectConfigurationPlatforms) = postSolution
		{7489145D-EC72-4D34-8B2F-6DEFBC5DEF38}.Debug|x64.ActiveCfg = Debug|x64
		{7489145D-EC72-4D34-8B2F-6DEFBC5DEF38}.Debug|x64.Build.0 = Debug|x64
		{7489145D-EC72-4D34-8B2F-6DEFBC5DEF38}.Debug|x86.ActiveCfg = Debug|Win32
		{7489145D-EC72-4D34-8B2F-6DEFBC5DEF38}.Debug|x86.Build.0 = Debug|Win32
		{7489145D-EC72-4D34-8B2F-6DEFBC5DEF38}.Release|x64.ActiveCfg = Release|x64
		{7489145D-EC72-4D34-8B2F-6DEFBC5DEF38}.Release|x64.Build.0 = Release|x64
		{7489145D-EC72-4D34-8B2F-6DEFBC5DEF38}.Release|x86.ActiveCfg = Release|Win32
		{7489145D-EC72-4D34-8B2F-6DEFBC5DEF38}.Release|x86.Build.0 = Release|Win32
	EndGlobalSection
	GlobalSection(SolutionProperties) = preSolution
		HideSolutionNode = FALSE
	EndGlobalSection
	GlobalSection(ExtensibilityGlobals) = postSolution
		SolutionGuid = {1E30B72D-D7BE-4400-B898-78249A9C6BD6}
	EndGlobalSection
EndGlobal
